// !$*UTF8*$!
{
	archiveVersion = 1;
	classes = {
	};
	objectVersion = 46;
	objects = {

/* Begin PBXBuildFile section */
		572C749AFD56A1F5DCAE56AF /* Pods_Device_Inventory.framework in Frameworks */ = {isa = PBXBuildFile; fileRef = B5C85C9F44A798D3A0742796 /* Pods_Device_Inventory.framework */; };
		73633B361C8E0BA90069478F /* MyModel.swift in Sources */ = {isa = PBXBuildFile; fileRef = 73633B351C8E0BA90069478F /* MyModel.swift */; };
		73633B381C8E0C4F0069478F /* MyModelTests.swift in Sources */ = {isa = PBXBuildFile; fileRef = 73633B371C8E0C4F0069478F /* MyModelTests.swift */; };
		73633B3B1C8E124E0069478F /* CoreData.framework in Frameworks */ = {isa = PBXBuildFile; fileRef = 73633B3A1C8E124E0069478F /* CoreData.framework */; };
		73633B421C8E19DD0069478F /* Device.swift in Sources */ = {isa = PBXBuildFile; fileRef = 73633B411C8E19DD0069478F /* Device.swift */; };
		73633B441C8E1B2E0069478F /* DeviceList.swift in Sources */ = {isa = PBXBuildFile; fileRef = 73633B431C8E1B2E0069478F /* DeviceList.swift */; };
		73980D201C8F37CD009AC30E /* DevicesListTableViewController.swift in Sources */ = {isa = PBXBuildFile; fileRef = 73980D1F1C8F37CD009AC30E /* DevicesListTableViewController.swift */; };
		73B31CD91C8DE29B00C76F01 /* AppDelegate.swift in Sources */ = {isa = PBXBuildFile; fileRef = 73B31CD81C8DE29B00C76F01 /* AppDelegate.swift */; };
		73B31CDB1C8DE29B00C76F01 /* ViewController.swift in Sources */ = {isa = PBXBuildFile; fileRef = 73B31CDA1C8DE29B00C76F01 /* ViewController.swift */; };
		73B31CDE1C8DE29B00C76F01 /* Main.storyboard in Resources */ = {isa = PBXBuildFile; fileRef = 73B31CDC1C8DE29B00C76F01 /* Main.storyboard */; };
		73B31CE01C8DE29B00C76F01 /* Assets.xcassets in Resources */ = {isa = PBXBuildFile; fileRef = 73B31CDF1C8DE29B00C76F01 /* Assets.xcassets */; };
		73B31CE31C8DE29B00C76F01 /* LaunchScreen.storyboard in Resources */ = {isa = PBXBuildFile; fileRef = 73B31CE11C8DE29B00C76F01 /* LaunchScreen.storyboard */; };
		73B31CEE1C8DE29B00C76F01 /* Device_InventoryTests.swift in Sources */ = {isa = PBXBuildFile; fileRef = 73B31CED1C8DE29B00C76F01 /* Device_InventoryTests.swift */; };
		73B31CF91C8DE29B00C76F01 /* Device_InventoryUITests.swift in Sources */ = {isa = PBXBuildFile; fileRef = 73B31CF81C8DE29B00C76F01 /* Device_InventoryUITests.swift */; };
		73E332581C8FDE1000478AFF /* DevicesTableViewCell.swift in Sources */ = {isa = PBXBuildFile; fileRef = 73E332571C8FDE1000478AFF /* DevicesTableViewCell.swift */; };
/* End PBXBuildFile section */

/* Begin PBXContainerItemProxy section */
		73B31CEA1C8DE29B00C76F01 /* PBXContainerItemProxy */ = {
			isa = PBXContainerItemProxy;
			containerPortal = 73B31CCD1C8DE29B00C76F01 /* Project object */;
			proxyType = 1;
			remoteGlobalIDString = 73B31CD41C8DE29B00C76F01;
			remoteInfo = Device_Inventory;
		};
		73B31CF51C8DE29B00C76F01 /* PBXContainerItemProxy */ = {
			isa = PBXContainerItemProxy;
			containerPortal = 73B31CCD1C8DE29B00C76F01 /* Project object */;
			proxyType = 1;
			remoteGlobalIDString = 73B31CD41C8DE29B00C76F01;
			remoteInfo = Device_Inventory;
		};
/* End PBXContainerItemProxy section */

/* Begin PBXFileReference section */
		73633B351C8E0BA90069478F /* MyModel.swift */ = {isa = PBXFileReference; fileEncoding = 4; lastKnownFileType = sourcecode.swift; path = MyModel.swift; sourceTree = "<group>"; };
		73633B371C8E0C4F0069478F /* MyModelTests.swift */ = {isa = PBXFileReference; fileEncoding = 4; lastKnownFileType = sourcecode.swift; path = MyModelTests.swift; sourceTree = "<group>"; };
		73633B3A1C8E124E0069478F /* CoreData.framework */ = {isa = PBXFileReference; lastKnownFileType = wrapper.framework; name = CoreData.framework; path = System/Library/Frameworks/CoreData.framework; sourceTree = SDKROOT; };
		73633B411C8E19DD0069478F /* Device.swift */ = {isa = PBXFileReference; fileEncoding = 4; lastKnownFileType = sourcecode.swift; path = Device.swift; sourceTree = "<group>"; };
		73633B431C8E1B2E0069478F /* DeviceList.swift */ = {isa = PBXFileReference; fileEncoding = 4; lastKnownFileType = sourcecode.swift; path = DeviceList.swift; sourceTree = "<group>"; };
		73980D1F1C8F37CD009AC30E /* DevicesListTableViewController.swift */ = {isa = PBXFileReference; fileEncoding = 4; lastKnownFileType = sourcecode.swift; path = DevicesListTableViewController.swift; sourceTree = "<group>"; };
		73B31CD51C8DE29B00C76F01 /* Device_Inventory.app */ = {isa = PBXFileReference; explicitFileType = wrapper.application; includeInIndex = 0; path = Device_Inventory.app; sourceTree = BUILT_PRODUCTS_DIR; };
		73B31CD81C8DE29B00C76F01 /* AppDelegate.swift */ = {isa = PBXFileReference; lastKnownFileType = sourcecode.swift; path = AppDelegate.swift; sourceTree = "<group>"; };
		73B31CDA1C8DE29B00C76F01 /* ViewController.swift */ = {isa = PBXFileReference; lastKnownFileType = sourcecode.swift; path = ViewController.swift; sourceTree = "<group>"; };
		73B31CDD1C8DE29B00C76F01 /* Base */ = {isa = PBXFileReference; lastKnownFileType = file.storyboard; name = Base; path = Base.lproj/Main.storyboard; sourceTree = "<group>"; };
		73B31CDF1C8DE29B00C76F01 /* Assets.xcassets */ = {isa = PBXFileReference; lastKnownFileType = folder.assetcatalog; path = Assets.xcassets; sourceTree = "<group>"; };
		73B31CE21C8DE29B00C76F01 /* Base */ = {isa = PBXFileReference; lastKnownFileType = file.storyboard; name = Base; path = Base.lproj/LaunchScreen.storyboard; sourceTree = "<group>"; };
		73B31CE41C8DE29B00C76F01 /* Info.plist */ = {isa = PBXFileReference; lastKnownFileType = text.plist.xml; path = Info.plist; sourceTree = "<group>"; };
		73B31CE91C8DE29B00C76F01 /* Device_InventoryTests.xctest */ = {isa = PBXFileReference; explicitFileType = wrapper.cfbundle; includeInIndex = 0; path = Device_InventoryTests.xctest; sourceTree = BUILT_PRODUCTS_DIR; };
		73B31CED1C8DE29B00C76F01 /* Device_InventoryTests.swift */ = {isa = PBXFileReference; lastKnownFileType = sourcecode.swift; path = Device_InventoryTests.swift; sourceTree = "<group>"; };
		73B31CEF1C8DE29B00C76F01 /* Info.plist */ = {isa = PBXFileReference; lastKnownFileType = text.plist.xml; path = Info.plist; sourceTree = "<group>"; };
		73B31CF41C8DE29B00C76F01 /* Device_InventoryUITests.xctest */ = {isa = PBXFileReference; explicitFileType = wrapper.cfbundle; includeInIndex = 0; path = Device_InventoryUITests.xctest; sourceTree = BUILT_PRODUCTS_DIR; };
		73B31CF81C8DE29B00C76F01 /* Device_InventoryUITests.swift */ = {isa = PBXFileReference; lastKnownFileType = sourcecode.swift; path = Device_InventoryUITests.swift; sourceTree = "<group>"; };
		73B31CFA1C8DE29B00C76F01 /* Info.plist */ = {isa = PBXFileReference; lastKnownFileType = text.plist.xml; path = Info.plist; sourceTree = "<group>"; };
		73E332571C8FDE1000478AFF /* DevicesTableViewCell.swift */ = {isa = PBXFileReference; fileEncoding = 4; lastKnownFileType = sourcecode.swift; path = DevicesTableViewCell.swift; sourceTree = "<group>"; };
		A4F20BB284DCE5A844A380E7 /* Pods-Device_Inventory.release.xcconfig */ = {isa = PBXFileReference; includeInIndex = 1; lastKnownFileType = text.xcconfig; name = "Pods-Device_Inventory.release.xcconfig"; path = "Pods/Target Support Files/Pods-Device_Inventory/Pods-Device_Inventory.release.xcconfig"; sourceTree = "<group>"; };
		A83C90B388397F6E82BC97B0 /* Pods-Device_Inventory.debug.xcconfig */ = {isa = PBXFileReference; includeInIndex = 1; lastKnownFileType = text.xcconfig; name = "Pods-Device_Inventory.debug.xcconfig"; path = "Pods/Target Support Files/Pods-Device_Inventory/Pods-Device_Inventory.debug.xcconfig"; sourceTree = "<group>"; };
		B5C85C9F44A798D3A0742796 /* Pods_Device_Inventory.framework */ = {isa = PBXFileReference; explicitFileType = wrapper.framework; includeInIndex = 0; path = Pods_Device_Inventory.framework; sourceTree = BUILT_PRODUCTS_DIR; };
/* End PBXFileReference section */

/* Begin PBXFrameworksBuildPhase section */
		73B31CD21C8DE29B00C76F01 /* Frameworks */ = {
			isa = PBXFrameworksBuildPhase;
			buildActionMask = 2147483647;
			files = (
				73633B3B1C8E124E0069478F /* CoreData.framework in Frameworks */,
				572C749AFD56A1F5DCAE56AF /* Pods_Device_Inventory.framework in Frameworks */,
			);
			runOnlyForDeploymentPostprocessing = 0;
		};
		73B31CE61C8DE29B00C76F01 /* Frameworks */ = {
			isa = PBXFrameworksBuildPhase;
			buildActionMask = 2147483647;
			files = (
			);
			runOnlyForDeploymentPostprocessing = 0;
		};
		73B31CF11C8DE29B00C76F01 /* Frameworks */ = {
			isa = PBXFrameworksBuildPhase;
			buildActionMask = 2147483647;
			files = (
			);
			runOnlyForDeploymentPostprocessing = 0;
		};
/* End PBXFrameworksBuildPhase section */

/* Begin PBXGroup section */
		04F5F52E6A6FE117E805E6B7 /* Frameworks */ = {
			isa = PBXGroup;
			children = (
				73633B3A1C8E124E0069478F /* CoreData.framework */,
				B5C85C9F44A798D3A0742796 /* Pods_Device_Inventory.framework */,
			);
			name = Frameworks;
			sourceTree = "<group>";
		};
		62573657693644C07F7A6ED1 /* Pods */ = {
			isa = PBXGroup;
			children = (
				A83C90B388397F6E82BC97B0 /* Pods-Device_Inventory.debug.xcconfig */,
				A4F20BB284DCE5A844A380E7 /* Pods-Device_Inventory.release.xcconfig */,
			);
			name = Pods;
			sourceTree = "<group>";
		};
		73633B401C8E19CB0069478F /* Model */ = {
			isa = PBXGroup;
			children = (
				73633B411C8E19DD0069478F /* Device.swift */,
				73633B431C8E1B2E0069478F /* DeviceList.swift */,
			);
			name = Model;
			sourceTree = "<group>";
		};
		73B31CCC1C8DE29B00C76F01 = {
			isa = PBXGroup;
			children = (
				73B31CD71C8DE29B00C76F01 /* Device_Inventory */,
				73B31CEC1C8DE29B00C76F01 /* Device_InventoryTests */,
				73B31CF71C8DE29B00C76F01 /* Device_InventoryUITests */,
				73B31CD61C8DE29B00C76F01 /* Products */,
				62573657693644C07F7A6ED1 /* Pods */,
				04F5F52E6A6FE117E805E6B7 /* Frameworks */,
			);
			sourceTree = "<group>";
		};
		73B31CD61C8DE29B00C76F01 /* Products */ = {
			isa = PBXGroup;
			children = (
				73B31CD51C8DE29B00C76F01 /* Device_Inventory.app */,
				73B31CE91C8DE29B00C76F01 /* Device_InventoryTests.xctest */,
				73B31CF41C8DE29B00C76F01 /* Device_InventoryUITests.xctest */,
			);
			name = Products;
			sourceTree = "<group>";
		};
		73B31CD71C8DE29B00C76F01 /* Device_Inventory */ = {
			isa = PBXGroup;
			children = (
				73633B401C8E19CB0069478F /* Model */,
				73B31CD81C8DE29B00C76F01 /* AppDelegate.swift */,
				73B31CDA1C8DE29B00C76F01 /* ViewController.swift */,
				73E332571C8FDE1000478AFF /* DevicesTableViewCell.swift */,
				73980D1F1C8F37CD009AC30E /* DevicesListTableViewController.swift */,
				73B31CDC1C8DE29B00C76F01 /* Main.storyboard */,
				73B31CDF1C8DE29B00C76F01 /* Assets.xcassets */,
				73B31CE11C8DE29B00C76F01 /* LaunchScreen.storyboard */,
				73B31CE41C8DE29B00C76F01 /* Info.plist */,
				73633B351C8E0BA90069478F /* MyModel.swift */,
			);
			path = Device_Inventory;
			sourceTree = "<group>";
		};
		73B31CEC1C8DE29B00C76F01 /* Device_InventoryTests */ = {
			isa = PBXGroup;
			children = (
				73B31CED1C8DE29B00C76F01 /* Device_InventoryTests.swift */,
				73B31CEF1C8DE29B00C76F01 /* Info.plist */,
				73633B371C8E0C4F0069478F /* MyModelTests.swift */,
			);
			path = Device_InventoryTests;
			sourceTree = "<group>";
		};
		73B31CF71C8DE29B00C76F01 /* Device_InventoryUITests */ = {
			isa = PBXGroup;
			children = (
				73B31CF81C8DE29B00C76F01 /* Device_InventoryUITests.swift */,
				73B31CFA1C8DE29B00C76F01 /* Info.plist */,
			);
			path = Device_InventoryUITests;
			sourceTree = "<group>";
		};
/* End PBXGroup section */

/* Begin PBXNativeTarget section */
		73B31CD41C8DE29B00C76F01 /* Device_Inventory */ = {
			isa = PBXNativeTarget;
			buildConfigurationList = 73B31CFD1C8DE29B00C76F01 /* Build configuration list for PBXNativeTarget "Device_Inventory" */;
			buildPhases = (
				3FDEEBAC1D5BFC4B8DBEFF0C /* Check Pods Manifest.lock */,
				73B31CD11C8DE29B00C76F01 /* Sources */,
				73B31CD21C8DE29B00C76F01 /* Frameworks */,
				73B31CD31C8DE29B00C76F01 /* Resources */,
				13297A4F74D65C2F5E5CA1AB /* Embed Pods Frameworks */,
				BB84C5398C843E5F8BA1268A /* Copy Pods Resources */,
			);
			buildRules = (
			);
			dependencies = (
			);
			name = Device_Inventory;
			productName = Device_Inventory;
			productReference = 73B31CD51C8DE29B00C76F01 /* Device_Inventory.app */;
			productType = "com.apple.product-type.application";
		};
		73B31CE81C8DE29B00C76F01 /* Device_InventoryTests */ = {
			isa = PBXNativeTarget;
			buildConfigurationList = 73B31D001C8DE29B00C76F01 /* Build configuration list for PBXNativeTarget "Device_InventoryTests" */;
			buildPhases = (
				73B31CE51C8DE29B00C76F01 /* Sources */,
				73B31CE61C8DE29B00C76F01 /* Frameworks */,
				73B31CE71C8DE29B00C76F01 /* Resources */,
			);
			buildRules = (
			);
			dependencies = (
				73B31CEB1C8DE29B00C76F01 /* PBXTargetDependency */,
			);
			name = Device_InventoryTests;
			productName = Device_InventoryTests;
			productReference = 73B31CE91C8DE29B00C76F01 /* Device_InventoryTests.xctest */;
			productType = "com.apple.product-type.bundle.unit-test";
		};
		73B31CF31C8DE29B00C76F01 /* Device_InventoryUITests */ = {
			isa = PBXNativeTarget;
			buildConfigurationList = 73B31D031C8DE29B00C76F01 /* Build configuration list for PBXNativeTarget "Device_InventoryUITests" */;
			buildPhases = (
				73B31CF01C8DE29B00C76F01 /* Sources */,
				73B31CF11C8DE29B00C76F01 /* Frameworks */,
				73B31CF21C8DE29B00C76F01 /* Resources */,
			);
			buildRules = (
			);
			dependencies = (
				73B31CF61C8DE29B00C76F01 /* PBXTargetDependency */,
			);
			name = Device_InventoryUITests;
			productName = Device_InventoryUITests;
			productReference = 73B31CF41C8DE29B00C76F01 /* Device_InventoryUITests.xctest */;
			productType = "com.apple.product-type.bundle.ui-testing";
		};
/* End PBXNativeTarget section */

/* Begin PBXProject section */
		73B31CCD1C8DE29B00C76F01 /* Project object */ = {
			isa = PBXProject;
			attributes = {
				LastSwiftUpdateCheck = 0720;
				LastUpgradeCheck = 0720;
				ORGANIZATIONNAME = "Kevin Nguyen";
				TargetAttributes = {
					73B31CD41C8DE29B00C76F01 = {
						CreatedOnToolsVersion = 7.2.1;
						DevelopmentTeam = 899V2XU7M8;
					};
					73B31CE81C8DE29B00C76F01 = {
						CreatedOnToolsVersion = 7.2.1;
						TestTargetID = 73B31CD41C8DE29B00C76F01;
					};
					73B31CF31C8DE29B00C76F01 = {
						CreatedOnToolsVersion = 7.2.1;
						TestTargetID = 73B31CD41C8DE29B00C76F01;
					};
				};
			};
			buildConfigurationList = 73B31CD01C8DE29B00C76F01 /* Build configuration list for PBXProject "Device_Inventory" */;
			compatibilityVersion = "Xcode 3.2";
			developmentRegion = English;
			hasScannedForEncodings = 0;
			knownRegions = (
				en,
				Base,
			);
			mainGroup = 73B31CCC1C8DE29B00C76F01;
			productRefGroup = 73B31CD61C8DE29B00C76F01 /* Products */;
			projectDirPath = "";
			projectRoot = "";
			targets = (
				73B31CD41C8DE29B00C76F01 /* Device_Inventory */,
				73B31CE81C8DE29B00C76F01 /* Device_InventoryTests */,
				73B31CF31C8DE29B00C76F01 /* Device_InventoryUITests */,
			);
		};
/* End PBXProject section */

/* Begin PBXResourcesBuildPhase section */
		73B31CD31C8DE29B00C76F01 /* Resources */ = {
			isa = PBXResourcesBuildPhase;
			buildActionMask = 2147483647;
			files = (
				73B31CE31C8DE29B00C76F01 /* LaunchScreen.storyboard in Resources */,
				73B31CE01C8DE29B00C76F01 /* Assets.xcassets in Resources */,
				73B31CDE1C8DE29B00C76F01 /* Main.storyboard in Resources */,
			);
			runOnlyForDeploymentPostprocessing = 0;
		};
		73B31CE71C8DE29B00C76F01 /* Resources */ = {
			isa = PBXResourcesBuildPhase;
			buildActionMask = 2147483647;
			files = (
			);
			runOnlyForDeploymentPostprocessing = 0;
		};
		73B31CF21C8DE29B00C76F01 /* Resources */ = {
			isa = PBXResourcesBuildPhase;
			buildActionMask = 2147483647;
			files = (
			);
			runOnlyForDeploymentPostprocessing = 0;
		};
/* End PBXResourcesBuildPhase section */

/* Begin PBXShellScriptBuildPhase section */
		13297A4F74D65C2F5E5CA1AB /* Embed Pods Frameworks */ = {
			isa = PBXShellScriptBuildPhase;
			buildActionMask = 2147483647;
			files = (
			);
			inputPaths = (
			);
			name = "Embed Pods Frameworks";
			outputPaths = (
			);
			runOnlyForDeploymentPostprocessing = 0;
			shellPath = /bin/sh;
			shellScript = "\"${SRCROOT}/Pods/Target Support Files/Pods-Device_Inventory/Pods-Device_Inventory-frameworks.sh\"\n";
			showEnvVarsInLog = 0;
		};
		3FDEEBAC1D5BFC4B8DBEFF0C /* Check Pods Manifest.lock */ = {
			isa = PBXShellScriptBuildPhase;
			buildActionMask = 2147483647;
			files = (
			);
			inputPaths = (
			);
			name = "Check Pods Manifest.lock";
			outputPaths = (
			);
			runOnlyForDeploymentPostprocessing = 0;
			shellPath = /bin/sh;
			shellScript = "diff \"${PODS_ROOT}/../Podfile.lock\" \"${PODS_ROOT}/Manifest.lock\" > /dev/null\nif [[ $? != 0 ]] ; then\n    cat << EOM\nerror: The sandbox is not in sync with the Podfile.lock. Run 'pod install' or update your CocoaPods installation.\nEOM\n    exit 1\nfi\n";
			showEnvVarsInLog = 0;
		};
		BB84C5398C843E5F8BA1268A /* Copy Pods Resources */ = {
			isa = PBXShellScriptBuildPhase;
			buildActionMask = 2147483647;
			files = (
			);
			inputPaths = (
			);
			name = "Copy Pods Resources";
			outputPaths = (
			);
			runOnlyForDeploymentPostprocessing = 0;
			shellPath = /bin/sh;
			shellScript = "\"${SRCROOT}/Pods/Target Support Files/Pods-Device_Inventory/Pods-Device_Inventory-resources.sh\"\n";
			showEnvVarsInLog = 0;
		};
/* End PBXShellScriptBuildPhase section */

/* Begin PBXSourcesBuildPhase section */
		73B31CD11C8DE29B00C76F01 /* Sources */ = {
			isa = PBXSourcesBuildPhase;
			buildActionMask = 2147483647;
			files = (
				73633B441C8E1B2E0069478F /* DeviceList.swift in Sources */,
				73E332581C8FDE1000478AFF /* DevicesTableViewCell.swift in Sources */,
				73980D201C8F37CD009AC30E /* DevicesListTableViewController.swift in Sources */,
				73B31CDB1C8DE29B00C76F01 /* ViewController.swift in Sources */,
				73B31CD91C8DE29B00C76F01 /* AppDelegate.swift in Sources */,
				73633B361C8E0BA90069478F /* MyModel.swift in Sources */,
				73633B421C8E19DD0069478F /* Device.swift in Sources */,
			);
			runOnlyForDeploymentPostprocessing = 0;
		};
		73B31CE51C8DE29B00C76F01 /* Sources */ = {
			isa = PBXSourcesBuildPhase;
			buildActionMask = 2147483647;
			files = (
				73B31CEE1C8DE29B00C76F01 /* Device_InventoryTests.swift in Sources */,
				73633B381C8E0C4F0069478F /* MyModelTests.swift in Sources */,
			);
			runOnlyForDeploymentPostprocessing = 0;
		};
		73B31CF01C8DE29B00C76F01 /* Sources */ = {
			isa = PBXSourcesBuildPhase;
			buildActionMask = 2147483647;
			files = (
				73B31CF91C8DE29B00C76F01 /* Device_InventoryUITests.swift in Sources */,
			);
			runOnlyForDeploymentPostprocessing = 0;
		};
/* End PBXSourcesBuildPhase section */

/* Begin PBXTargetDependency section */
		73B31CEB1C8DE29B00C76F01 /* PBXTargetDependency */ = {
			isa = PBXTargetDependency;
			target = 73B31CD41C8DE29B00C76F01 /* Device_Inventory */;
			targetProxy = 73B31CEA1C8DE29B00C76F01 /* PBXContainerItemProxy */;
		};
		73B31CF61C8DE29B00C76F01 /* PBXTargetDependency */ = {
			isa = PBXTargetDependency;
			target = 73B31CD41C8DE29B00C76F01 /* Device_Inventory */;
			targetProxy = 73B31CF51C8DE29B00C76F01 /* PBXContainerItemProxy */;
		};
/* End PBXTargetDependency section */

/* Begin PBXVariantGroup section */
		73B31CDC1C8DE29B00C76F01 /* Main.storyboard */ = {
			isa = PBXVariantGroup;
			children = (
				73B31CDD1C8DE29B00C76F01 /* Base */,
			);
			name = Main.storyboard;
			sourceTree = "<group>";
		};
		73B31CE11C8DE29B00C76F01 /* LaunchScreen.storyboard */ = {
			isa = PBXVariantGroup;
			children = (
				73B31CE21C8DE29B00C76F01 /* Base */,
			);
			name = LaunchScreen.storyboard;
			sourceTree = "<group>";
		};
/* End PBXVariantGroup section */

/* Begin XCBuildConfiguration section */
		73B31CFB1C8DE29B00C76F01 /* Debug */ = {
			isa = XCBuildConfiguration;
			buildSettings = {
				ALWAYS_SEARCH_USER_PATHS = NO;
				CLANG_CXX_LANGUAGE_STANDARD = "gnu++0x";
				CLANG_CXX_LIBRARY = "libc++";
				CLANG_ENABLE_MODULES = YES;
				CLANG_ENABLE_OBJC_ARC = YES;
				CLANG_WARN_BOOL_CONVERSION = YES;
				CLANG_WARN_CONSTANT_CONVERSION = YES;
				CLANG_WARN_DIRECT_OBJC_ISA_USAGE = YES_ERROR;
				CLANG_WARN_EMPTY_BODY = YES;
				CLANG_WARN_ENUM_CONVERSION = YES;
				CLANG_WARN_INT_CONVERSION = YES;
				CLANG_WARN_OBJC_ROOT_CLASS = YES_ERROR;
				CLANG_WARN_UNREACHABLE_CODE = YES;
				CLANG_WARN__DUPLICATE_METHOD_MATCH = YES;
				"CODE_SIGN_IDENTITY[sdk=iphoneos*]" = "iPhone Developer";
				COPY_PHASE_STRIP = NO;
				DEBUG_INFORMATION_FORMAT = dwarf;
				ENABLE_STRICT_OBJC_MSGSEND = YES;
				ENABLE_TESTABILITY = YES;
				GCC_C_LANGUAGE_STANDARD = gnu99;
				GCC_DYNAMIC_NO_PIC = NO;
				GCC_NO_COMMON_BLOCKS = YES;
				GCC_OPTIMIZATION_LEVEL = 0;
				GCC_PREPROCESSOR_DEFINITIONS = (
					"DEBUG=1",
					"$(inherited)",
				);
				GCC_WARN_64_TO_32_BIT_CONVERSION = YES;
				GCC_WARN_ABOUT_RETURN_TYPE = YES_ERROR;
				GCC_WARN_UNDECLARED_SELECTOR = YES;
				GCC_WARN_UNINITIALIZED_AUTOS = YES_AGGRESSIVE;
				GCC_WARN_UNUSED_FUNCTION = YES;
				GCC_WARN_UNUSED_VARIABLE = YES;
				IPHONEOS_DEPLOYMENT_TARGET = 9.2;
				MTL_ENABLE_DEBUG_INFO = YES;
				ONLY_ACTIVE_ARCH = YES;
				SDKROOT = iphoneos;
				SWIFT_OPTIMIZATION_LEVEL = "-Onone";
				TARGETED_DEVICE_FAMILY = "1,2";
			};
			name = Debug;
		};
		73B31CFC1C8DE29B00C76F01 /* Release */ = {
			isa = XCBuildConfiguration;
			buildSettings = {
				ALWAYS_SEARCH_USER_PATHS = NO;
				CLANG_CXX_LANGUAGE_STANDARD = "gnu++0x";
				CLANG_CXX_LIBRARY = "libc++";
				CLANG_ENABLE_MODULES = YES;
				CLANG_ENABLE_OBJC_ARC = YES;
				CLANG_WARN_BOOL_CONVERSION = YES;
				CLANG_WARN_CONSTANT_CONVERSION = YES;
				CLANG_WARN_DIRECT_OBJC_ISA_USAGE = YES_ERROR;
				CLANG_WARN_EMPTY_BODY = YES;
				CLANG_WARN_ENUM_CONVERSION = YES;
				CLANG_WARN_INT_CONVERSION = YES;
				CLANG_WARN_OBJC_ROOT_CLASS = YES_ERROR;
				CLANG_WARN_UNREACHABLE_CODE = YES;
				CLANG_WARN__DUPLICATE_METHOD_MATCH = YES;
				"CODE_SIGN_IDENTITY[sdk=iphoneos*]" = "iPhone Developer";
				COPY_PHASE_STRIP = NO;
				DEBUG_INFORMATION_FORMAT = "dwarf-with-dsym";
				ENABLE_NS_ASSERTIONS = NO;
				ENABLE_STRICT_OBJC_MSGSEND = YES;
				GCC_C_LANGUAGE_STANDARD = gnu99;
				GCC_NO_COMMON_BLOCKS = YES;
				GCC_WARN_64_TO_32_BIT_CONVERSION = YES;
				GCC_WARN_ABOUT_RETURN_TYPE = YES_ERROR;
				GCC_WARN_UNDECLARED_SELECTOR = YES;
				GCC_WARN_UNINITIALIZED_AUTOS = YES_AGGRESSIVE;
				GCC_WARN_UNUSED_FUNCTION = YES;
				GCC_WARN_UNUSED_VARIABLE = YES;
				IPHONEOS_DEPLOYMENT_TARGET = 9.2;
				MTL_ENABLE_DEBUG_INFO = NO;
				SDKROOT = iphoneos;
				TARGETED_DEVICE_FAMILY = "1,2";
				VALIDATE_PRODUCT = YES;
			};
			name = Release;
		};
		73B31CFE1C8DE29B00C76F01 /* Debug */ = {
			isa = XCBuildConfiguration;
			baseConfigurationReference = A83C90B388397F6E82BC97B0 /* Pods-Device_Inventory.debug.xcconfig */;
			buildSettings = {
				ASSETCATALOG_COMPILER_APPICON_NAME = AppIcon;
				CODE_SIGN_IDENTITY = "iPhone Developer";
				"CODE_SIGN_IDENTITY[sdk=iphoneos*]" = "iPhone Developer";
				INFOPLIST_FILE = Device_Inventory/Info.plist;
				LD_RUNPATH_SEARCH_PATHS = "$(inherited) @executable_path/Frameworks";
				PRODUCT_BUNDLE_IDENTIFIER = "kenguyen.Device-Inventory";
				PRODUCT_NAME = "$(TARGET_NAME)";
				PROVISIONING_PROFILE = "";
			};
			name = Debug;
		};
		73B31CFF1C8DE29B00C76F01 /* Release */ = {
			isa = XCBuildConfiguration;
			baseConfigurationReference = A4F20BB284DCE5A844A380E7 /* Pods-Device_Inventory.release.xcconfig */;
			buildSettings = {
				ASSETCATALOG_COMPILER_APPICON_NAME = AppIcon;
				CODE_SIGN_IDENTITY = "iPhone Developer";
				"CODE_SIGN_IDENTITY[sdk=iphoneos*]" = "iPhone Developer";
				INFOPLIST_FILE = Device_Inventory/Info.plist;
				LD_RUNPATH_SEARCH_PATHS = "$(inherited) @executable_path/Frameworks";
				PRODUCT_BUNDLE_IDENTIFIER = "kenguyen.Device-Inventory";
				PRODUCT_NAME = "$(TARGET_NAME)";
				PROVISIONING_PROFILE = "";
			};
			name = Release;
		};
		73B31D011C8DE29B00C76F01 /* Debug */ = {
			isa = XCBuildConfiguration;
			buildSettings = {
				BUNDLE_LOADER = "$(TEST_HOST)";
				INFOPLIST_FILE = Device_InventoryTests/Info.plist;
				LD_RUNPATH_SEARCH_PATHS = "$(inherited) @executable_path/Frameworks @loader_path/Frameworks";
				PRODUCT_BUNDLE_IDENTIFIER = "kenguyen.Device-InventoryTests";
				PRODUCT_NAME = "$(TARGET_NAME)";
				TEST_HOST = "$(BUILT_PRODUCTS_DIR)/Device_Inventory.app/Device_Inventory";
			};
			name = Debug;
		};
		73B31D021C8DE29B00C76F01 /* Release */ = {
			isa = XCBuildConfiguration;
			buildSettings = {
				BUNDLE_LOADER = "$(TEST_HOST)";
				INFOPLIST_FILE = Device_InventoryTests/Info.plist;
				LD_RUNPATH_SEARCH_PATHS = "$(inherited) @executable_path/Frameworks @loader_path/Frameworks";
				PRODUCT_BUNDLE_IDENTIFIER = "kenguyen.Device-InventoryTests";
				PRODUCT_NAME = "$(TARGET_NAME)";
				TEST_HOST = "$(BUILT_PRODUCTS_DIR)/Device_Inventory.app/Device_Inventory";
			};
			name = Release;
		};
		73B31D041C8DE29B00C76F01 /* Debug */ = {
			isa = XCBuildConfiguration;
			buildSettings = {
				INFOPLIST_FILE = Device_InventoryUITests/Info.plist;
				LD_RUNPATH_SEARCH_PATHS = "$(inherited) @executable_path/Frameworks @loader_path/Frameworks";
				PRODUCT_BUNDLE_IDENTIFIER = "kenguyen.Device-InventoryUITests";
				PRODUCT_NAME = "$(TARGET_NAME)";
				TEST_TARGET_NAME = Device_Inventory;
				USES_XCTRUNNER = YES;
			};
			name = Debug;
		};
		73B31D051C8DE29B00C76F01 /* Release */ = {
			isa = XCBuildConfiguration;
			buildSettings = {
				INFOPLIST_FILE = Device_InventoryUITests/Info.plist;
				LD_RUNPATH_SEARCH_PATHS = "$(inherited) @executable_path/Frameworks @loader_path/Frameworks";
				PRODUCT_BUNDLE_IDENTIFIER = "kenguyen.Device-InventoryUITests";
				PRODUCT_NAME = "$(TARGET_NAME)";
				TEST_TARGET_NAME = Device_Inventory;
				USES_XCTRUNNER = YES;
			};
			name = Release;
		};
/* End XCBuildConfiguration section */

/* Begin XCConfigurationList section */
		73B31CD01C8DE29B00C76F01 /* Build configuration list for PBXProject "Device_Inventory" */ = {
			isa = XCConfigurationList;
			buildConfigurations = (
				73B31CFB1C8DE29B00C76F01 /* Debug */,
				73B31CFC1C8DE29B00C76F01 /* Release */,
			);
			defaultConfigurationIsVisible = 0;
			defaultConfigurationName = Release;
		};
		73B31CFD1C8DE29B00C76F01 /* Build configuration list for PBXNativeTarget "Device_Inventory" */ = {
			isa = XCConfigurationList;
			buildConfigurations = (
				73B31CFE1C8DE29B00C76F01 /* Debug */,
				73B31CFF1C8DE29B00C76F01 /* Release */,
			);
			defaultConfigurationIsVisible = 0;
			defaultConfigurationName = Release;
		};
		73B31D001C8DE29B00C76F01 /* Build configuration list for PBXNativeTarget "Device_InventoryTests" */ = {
			isa = XCConfigurationList;
			buildConfigurations = (
				73B31D011C8DE29B00C76F01 /* Debug */,
				73B31D021C8DE29B00C76F01 /* Release */,
			);
			defaultConfigurationIsVisible = 0;
			defaultConfigurationName = Release;
		};
		73B31D031C8DE29B00C76F01 /* Build configuration list for PBXNativeTarget "Device_InventoryUITests" */ = {
			isa = XCConfigurationList;
			buildConfigurations = (
				73B31D041C8DE29B00C76F01 /* Debug */,
				73B31D051C8DE29B00C76F01 /* Release */,
			);
			defaultConfigurationIsVisible = 0;
			defaultConfigurationName = Release;
		};
/* End XCConfigurationList section */
	};
	rootObject = 73B31CCD1C8DE29B00C76F01 /* Project object */;
}
